PODS:
  - activity_recognition_flutter (0.0.1):
    - Flutter
  - Flutter (1.0.0)
  - flutter_geofence (0.1.1):
    - Flutter
  - flutter_local_notifications (0.0.1):
    - Flutter
  - geolocator (6.2.0):
    - Flutter

DEPENDENCIES:
  - activity_recognition_flutter (from `.symlinks/plugins/activity_recognition_flutter/ios`)
  - Flutter (from `Flutter`)
  - flutter_geofence (from `.symlinks/plugins/flutter_geofence/ios`)
  - flutter_local_notifications (from `.symlinks/plugins/flutter_local_notifications/ios`)
  - geolocator (from `.symlinks/plugins/geolocator/ios`)

EXTERNAL SOURCES:
  activity_recognition_flutter:
    :path: ".symlinks/plugins/activity_recognition_flutter/ios"
  Flutter:
    :path: Flutter
  flutter_geofence:
    :path: ".symlinks/plugins/flutter_geofence/ios"
  flutter_local_notifications:
    :path: ".symlinks/plugins/flutter_local_notifications/ios"
  geolocator:
    :path: ".symlinks/plugins/geolocator/ios"

SPEC CHECKSUMS:
  activity_recognition_flutter: fd735b9927d94b9a7c1165cc9b2e430034d8e230
  Flutter: 434fef37c0980e73bb6479ef766c45957d4b510c
  flutter_geofence: 08e5427c56c540ffac97425b8e10dd598912fb3d
  flutter_local_notifications: 0c0b1ae97e741e1521e4c1629a459d04b9aec743
  geolocator: f5e3de65e241caba7ce3e8a618803387bda73384

PODFILE CHECKSUM: aafe91acc616949ddb318b77800a7f51bffa2a4c

COCOAPODS: 1.10.1
